# This file was generated by Aiken
# You typically do not need to edit this file

[[requirements]]
name = "aiken-lang/stdlib"
version = "1.6.0"
source = "github"

[[requirements]]
name = "logicalmechanism/assist"
version = "main"
source = "github"

[[packages]]
name = "aiken-lang/stdlib"
version = "1.6.0"
requirements = []
source = "github"

[[packages]]
name = "logicalmechanism/assist"
version = "main"
requirements = []
source = "github"

[etags]
"logicalmechanism/assist@main" = [{ secs_since_epoch = 1711134313, nanos_since_epoch = 995642636 }, "9ac22452cc0d081858c74b56e16876fd26327aff410effa51c8494e65f4ac784"]
